
Microsoft Visual Studio Solution File, Format Version 12.00
# Visual Studio 14
VisualStudioVersion = 14.0.25420.1
MinimumVisualStudioVersion = 10.0.40219.1
Project("{FAE04EC0-301F-11D3-BF4B-00C04F79EFBC}") = "JangMVCWebSite", "JangMVCWebSite\JangMVCWebSite.csproj", "{7839FF15-0EED-4467-BC13-971AF98743A4}"
EndProject
Project("{FAE04EC0-301F-11D3-BF4B-00C04F79EFBC}") = "JangMVCWebSite.Tests", "JangMVCWebSite.Tests\JangMVCWebSite.Tests.csproj", "{FC25C3A0-7DA9-4FAB-BE74-F565C0DFA6F3}"
EndProject
Global
	GlobalSection(SolutionConfigurationPlatforms) = preSolution
		Debug|Any CPU = Debug|Any CPU
		Release|Any CPU = Release|Any CPU
	EndGlobalSection
	GlobalSection(ProjectConfigurationPlatforms) = postSolution
		{7839FF15-0EED-4467-BC13-971AF98743A4}.Debug|Any CPU.ActiveCfg = Debug|Any CPU
		{7839FF15-0EED-4467-BC13-971AF98743A4}.Debug|Any CPU.Build.0 = Debug|Any CPU
		{7839FF15-0EED-4467-BC13-971AF98743A4}.Release|Any CPU.ActiveCfg = Release|Any CPU
		{7839FF15-0EED-4467-BC13-971AF98743A4}.Release|Any CPU.Build.0 = Release|Any CPU
		{FC25C3A0-7DA9-4FAB-BE74-F565C0DFA6F3}.Debug|Any CPU.ActiveCfg = Debug|Any CPU
		{FC25C3A0-7DA9-4FAB-BE74-F565C0DFA6F3}.Debug|Any CPU.Build.0 = Debug|Any CPU
		{FC25C3A0-7DA9-4FAB-BE74-F565C0DFA6F3}.Release|Any CPU.ActiveCfg = Release|Any CPU
		{FC25C3A0-7DA9-4FAB-BE74-F565C0DFA6F3}.Release|Any CPU.Build.0 = Release|Any CPU
	EndGlobalSection
	GlobalSection(SolutionProperties) = preSolution
		HideSolutionNode = FALSE
	EndGlobalSection
EndGlobal
